
Microsoft Visual Studio Solution File, Format Version 12.00
# Visual Studio Version 16
VisualStudioVersion = 16.0.31015.32
MinimumVisualStudioVersion = 10.0.40219.1
Project("{FAE04EC0-301F-11D3-BF4B-00C04F79EFBC}") = "AutoEmbed", "AutoEmbed\AutoEmbed.csproj", "{F8F44D01-78CA-4735-AF70-F546EE02AA2B}"
EndProject
Project("{FAE04EC0-301F-11D3-BF4B-00C04F79EFBC}") = "Tester", "Tester\Tester.csproj", "{CE868D1C-B2B5-4422-A320-2E911DFA64AA}"
EndProject
Global
	GlobalSection(SolutionConfigurationPlatforms) = preSolution
		Debug|Any CPU = Debug|Any CPU
		Release|Any CPU = Release|Any CPU
	EndGlobalSection
	GlobalSection(ProjectConfigurationPlatforms) = postSolution
		{F8F44D01-78CA-4735-AF70-F546EE02AA2B}.Debug|Any CPU.ActiveCfg = Debug|Any CPU
		{F8F44D01-78CA-4735-AF70-F546EE02AA2B}.Debug|Any CPU.Build.0 = Debug|Any CPU
		{F8F44D01-78CA-4735-AF70-F546EE02AA2B}.Release|Any CPU.ActiveCfg = Release|Any CPU
		{F8F44D01-78CA-4735-AF70-F546EE02AA2B}.Release|Any CPU.Build.0 = Release|Any CPU
		{CE868D1C-B2B5-4422-A320-2E911DFA64AA}.Debug|Any CPU.ActiveCfg = Debug|Any CPU
		{CE868D1C-B2B5-4422-A320-2E911DFA64AA}.Debug|Any CPU.Build.0 = Debug|Any CPU
		{CE868D1C-B2B5-4422-A320-2E911DFA64AA}.Release|Any CPU.ActiveCfg = Release|Any CPU
		{CE868D1C-B2B5-4422-A320-2E911DFA64AA}.Release|Any CPU.Build.0 = Release|Any CPU
	EndGlobalSection
	GlobalSection(SolutionProperties) = preSolution
		HideSolutionNode = FALSE
	EndGlobalSection
	GlobalSection(ExtensibilityGlobals) = postSolution
		SolutionGuid = {3D17E9AC-6B6F-49F6-B9D0-F2C04100B1F4}
	EndGlobalSection
EndGlobal
